
Microsoft Visual Studio Solution File, Format Version 12.00
# Visual Studio Version 17
VisualStudioVersion = 17.14.36401.2
MinimumVisualStudioVersion = 10.0.40219.1
Project("{FAE04EC0-301F-11D3-BF4B-00C04F79EFBC}") = "voting", "voting\voting.csproj", "{FA54C5C5-0D2B-43C2-A5A6-EA5C57FBF7EF}"
EndProject
Project("{2150E333-8FDC-42A3-9474-1A3956D46DE8}") = "src", "src", "{02EA681E-C7D8-13C7-8484-4AC65E1B71E8}"
EndProject
Project("{FAE04EC0-301F-11D3-BF4B-00C04F79EFBC}") = "VotingLibrary", "src\VotingLibrary\VotingLibrary.csproj", "{6FD0EAEE-B138-4847-AFF8-29EA715E9CF8}"
EndProject
Global
	GlobalSection(SolutionConfigurationPlatforms) = preSolution
		Debug|Any CPU = Debug|Any CPU
		Release|Any CPU = Release|Any CPU
	EndGlobalSection
	GlobalSection(ProjectConfigurationPlatforms) = postSolution
		{FA54C5C5-0D2B-43C2-A5A6-EA5C57FBF7EF}.Debug|Any CPU.ActiveCfg = Debug|Any CPU
		{FA54C5C5-0D2B-43C2-A5A6-EA5C57FBF7EF}.Debug|Any CPU.Build.0 = Debug|Any CPU
		{FA54C5C5-0D2B-43C2-A5A6-EA5C57FBF7EF}.Release|Any CPU.ActiveCfg = Release|Any CPU
		{FA54C5C5-0D2B-43C2-A5A6-EA5C57FBF7EF}.Release|Any CPU.Build.0 = Release|Any CPU
		{6FD0EAEE-B138-4847-AFF8-29EA715E9CF8}.Debug|Any CPU.ActiveCfg = Debug|Any CPU
		{6FD0EAEE-B138-4847-AFF8-29EA715E9CF8}.Debug|Any CPU.Build.0 = Debug|Any CPU
		{6FD0EAEE-B138-4847-AFF8-29EA715E9CF8}.Release|Any CPU.ActiveCfg = Release|Any CPU
		{6FD0EAEE-B138-4847-AFF8-29EA715E9CF8}.Release|Any CPU.Build.0 = Release|Any CPU
	EndGlobalSection
	GlobalSection(SolutionProperties) = preSolution
		HideSolutionNode = FALSE
	EndGlobalSection
	GlobalSection(NestedProjects) = preSolution
		{6FD0EAEE-B138-4847-AFF8-29EA715E9CF8} = {02EA681E-C7D8-13C7-8484-4AC65E1B71E8}
	EndGlobalSection
	GlobalSection(ExtensibilityGlobals) = postSolution
		SolutionGuid = {83383E3F-0347-4119-B5D0-B8ADE3874F04}
	EndGlobalSection
EndGlobal
